
Microsoft Visual Studio Solution File, Format Version 12.00
Project("{FAE04EC0-301F-11D3-BF4B-00C04F79EFBC}") = "ChamiUI", "ChamiUI\ChamiUI.csproj", "{DDF90B2D-2EBD-48F4-A1B9-3B421EC6EE3E}"
EndProject
Project("{FAE04EC0-301F-11D3-BF4B-00C04F79EFBC}") = "ChamiTests", "ChamiTests\ChamiTests.csproj", "{9DE6D3B3-720A-4DC4-A55E-5ACA89AA1D0E}"
EndProject
Global
	GlobalSection(SolutionConfigurationPlatforms) = preSolution
		Debug|Any CPU = Debug|Any CPU
		Release|Any CPU = Release|Any CPU
	EndGlobalSection
	GlobalSection(ProjectConfigurationPlatforms) = postSolution
		{DDF90B2D-2EBD-48F4-A1B9-3B421EC6EE3E}.Debug|Any CPU.ActiveCfg = Debug|Any CPU
		{DDF90B2D-2EBD-48F4-A1B9-3B421EC6EE3E}.Debug|Any CPU.Build.0 = Debug|Any CPU
		{DDF90B2D-2EBD-48F4-A1B9-3B421EC6EE3E}.Release|Any CPU.ActiveCfg = Release|Any CPU
		{DDF90B2D-2EBD-48F4-A1B9-3B421EC6EE3E}.Release|Any CPU.Build.0 = Release|Any CPU
		{9DE6D3B3-720A-4DC4-A55E-5ACA89AA1D0E}.Debug|Any CPU.ActiveCfg = Debug|Any CPU
		{9DE6D3B3-720A-4DC4-A55E-5ACA89AA1D0E}.Debug|Any CPU.Build.0 = Debug|Any CPU
		{9DE6D3B3-720A-4DC4-A55E-5ACA89AA1D0E}.Release|Any CPU.ActiveCfg = Release|Any CPU
		{9DE6D3B3-720A-4DC4-A55E-5ACA89AA1D0E}.Release|Any CPU.Build.0 = Release|Any CPU
	EndGlobalSection
EndGlobal
